
Microsoft Visual Studio Solution File, Format Version 12.00
# Visual Studio 14
VisualStudioVersion = 14.0.25420.1
MinimumVisualStudioVersion = 10.0.40219.1
Project("{2150E333-8FDC-42A3-9474-1A3956D46DE8}") = "src", "src", "{25767E95-7C3E-433B-B27F-64D9A5ED0988}"
EndProject
Project("{2150E333-8FDC-42A3-9474-1A3956D46DE8}") = "Solution Items", "Solution Items", "{4BC3728D-49DE-4FC1-8006-C80EC9993B0B}"
	ProjectSection(SolutionItems) = preProject
		global.json = global.json
	EndProjectSection
EndProject
Project("{8BB2217D-0F2D-49D1-97BC-3654ED321F3B}") = "SwaggerSample", "src\SwaggerSample\SwaggerSample.xproj", "{DBA26C95-3F0F-49A8-9301-66E8AE400794}"
EndProject
Project("{8BB2217D-0F2D-49D1-97BC-3654ED321F3B}") = "APNSWithAspNetCore", "src\APNSWithAspNetCore\APNSWithAspNetCore.xproj", "{6D08ED0B-03C3-4466-9476-AD1B69451F54}"
EndProject
Project("{8BB2217D-0F2D-49D1-97BC-3654ED321F3B}") = "AuthWithGithub", "src\AuthWithGithub\AuthWithGithub.xproj", "{70228C04-BA30-49BE-9224-C434AE6E8F48}"
EndProject
Global
	GlobalSection(SolutionConfigurationPlatforms) = preSolution
		Debug|Any CPU = Debug|Any CPU
		Release|Any CPU = Release|Any CPU
	EndGlobalSection
	GlobalSection(ProjectConfigurationPlatforms) = postSolution
		{DBA26C95-3F0F-49A8-9301-66E8AE400794}.Debug|Any CPU.ActiveCfg = Debug|Any CPU
		{DBA26C95-3F0F-49A8-9301-66E8AE400794}.Debug|Any CPU.Build.0 = Debug|Any CPU
		{DBA26C95-3F0F-49A8-9301-66E8AE400794}.Release|Any CPU.ActiveCfg = Release|Any CPU
		{DBA26C95-3F0F-49A8-9301-66E8AE400794}.Release|Any CPU.Build.0 = Release|Any CPU
		{6D08ED0B-03C3-4466-9476-AD1B69451F54}.Debug|Any CPU.ActiveCfg = Debug|Any CPU
		{6D08ED0B-03C3-4466-9476-AD1B69451F54}.Debug|Any CPU.Build.0 = Debug|Any CPU
		{6D08ED0B-03C3-4466-9476-AD1B69451F54}.Release|Any CPU.ActiveCfg = Release|Any CPU
		{6D08ED0B-03C3-4466-9476-AD1B69451F54}.Release|Any CPU.Build.0 = Release|Any CPU
		{70228C04-BA30-49BE-9224-C434AE6E8F48}.Debug|Any CPU.ActiveCfg = Debug|Any CPU
		{70228C04-BA30-49BE-9224-C434AE6E8F48}.Debug|Any CPU.Build.0 = Debug|Any CPU
		{70228C04-BA30-49BE-9224-C434AE6E8F48}.Release|Any CPU.ActiveCfg = Release|Any CPU
		{70228C04-BA30-49BE-9224-C434AE6E8F48}.Release|Any CPU.Build.0 = Release|Any CPU
	EndGlobalSection
	GlobalSection(SolutionProperties) = preSolution
		HideSolutionNode = FALSE
	EndGlobalSection
	GlobalSection(NestedProjects) = preSolution
		{DBA26C95-3F0F-49A8-9301-66E8AE400794} = {25767E95-7C3E-433B-B27F-64D9A5ED0988}
		{6D08ED0B-03C3-4466-9476-AD1B69451F54} = {25767E95-7C3E-433B-B27F-64D9A5ED0988}
		{70228C04-BA30-49BE-9224-C434AE6E8F48} = {25767E95-7C3E-433B-B27F-64D9A5ED0988}
	EndGlobalSection
EndGlobal
